Microsoft Visual Studio Solution File, Format Version 12.00
# Visual Studio Version 17
VisualStudioVersion = 17.5.2.0
MinimumVisualStudioVersion = 10.0.40219.1
Project("{FAE04EC0-301F-11D3-BF4B-00C04F79EFBC}") = "hw", "hw.csproj", "{5D513EA9-A403-FF08-D283-9B6EF0AC42A8}"
EndProject
Global
	GlobalSection(SolutionConfigurationPlatforms) = preSolution
		Debug|Any CPU = Debug|Any CPU
		Release|Any CPU = Release|Any CPU
	EndGlobalSection
	GlobalSection(ProjectConfigurationPlatforms) = postSolution
		{5D513EA9-A403-FF08-D283-9B6EF0AC42A8}.Debug|Any CPU.ActiveCfg = Debug|Any CPU
		{5D513EA9-A403-FF08-D283-9B6EF0AC42A8}.Debug|Any CPU.Build.0 = Debug|Any CPU
		{5D513EA9-A403-FF08-D283-9B6EF0AC42A8}.Release|Any CPU.ActiveCfg = Release|Any CPU
		{5D513EA9-A403-FF08-D283-9B6EF0AC42A8}.Release|Any CPU.Build.0 = Release|Any CPU
	EndGlobalSection
	GlobalSection(SolutionProperties) = preSolution
		HideSolutionNode = FALSE
	EndGlobalSection
	GlobalSection(ExtensibilityGlobals) = postSolution
		SolutionGuid = {4EB1DEF9-2D3D-4DB5-B9B6-6B7658635D3F}
	EndGlobalSection
EndGlobal
